
Microsoft Visual Studio Solution File, Format Version 12.00
Project("{FAE04EC0-301F-11D3-BF4B-00C04F79EFBC}") = "Binzor", "Binzor\Binzor.csproj", "{EBC997A4-1C43-4510-88E7-14DDB02B7BF6}"
EndProject
Project("{FAE04EC0-301F-11D3-BF4B-00C04F79EFBC}") = "BinzorApi", "BinzorApi\BinzorApi.csproj", "{557C684C-B9AA-4EF8-BA6C-F81572E8E526}"
EndProject
Project("{FAE04EC0-301F-11D3-BF4B-00C04F79EFBC}") = "BinzorModels", "BinzorModels\BinzorModels.csproj", "{55343A82-884A-4F0B-A65D-7211F1E57CEE}"
EndProject
Global
	GlobalSection(SolutionConfigurationPlatforms) = preSolution
		Debug|Any CPU = Debug|Any CPU
		Release|Any CPU = Release|Any CPU
	EndGlobalSection
	GlobalSection(ProjectConfigurationPlatforms) = postSolution
		{EBC997A4-1C43-4510-88E7-14DDB02B7BF6}.Debug|Any CPU.ActiveCfg = Debug|Any CPU
		{EBC997A4-1C43-4510-88E7-14DDB02B7BF6}.Debug|Any CPU.Build.0 = Debug|Any CPU
		{EBC997A4-1C43-4510-88E7-14DDB02B7BF6}.Release|Any CPU.ActiveCfg = Release|Any CPU
		{EBC997A4-1C43-4510-88E7-14DDB02B7BF6}.Release|Any CPU.Build.0 = Release|Any CPU
		{557C684C-B9AA-4EF8-BA6C-F81572E8E526}.Debug|Any CPU.ActiveCfg = Debug|Any CPU
		{557C684C-B9AA-4EF8-BA6C-F81572E8E526}.Debug|Any CPU.Build.0 = Debug|Any CPU
		{557C684C-B9AA-4EF8-BA6C-F81572E8E526}.Release|Any CPU.ActiveCfg = Release|Any CPU
		{557C684C-B9AA-4EF8-BA6C-F81572E8E526}.Release|Any CPU.Build.0 = Release|Any CPU
		{55343A82-884A-4F0B-A65D-7211F1E57CEE}.Debug|Any CPU.ActiveCfg = Debug|Any CPU
		{55343A82-884A-4F0B-A65D-7211F1E57CEE}.Debug|Any CPU.Build.0 = Debug|Any CPU
		{55343A82-884A-4F0B-A65D-7211F1E57CEE}.Release|Any CPU.ActiveCfg = Release|Any CPU
		{55343A82-884A-4F0B-A65D-7211F1E57CEE}.Release|Any CPU.Build.0 = Release|Any CPU
	EndGlobalSection
EndGlobal
